// !$*UTF8*$!
{
	archiveVersion = 1;
	classes = {
	};
	objectVersion = 46;
	objects = {

/* Begin PBXBuildFile section */
		30FC19351F43CF7F00A559A3 /* main.m in Sources */ = {isa = PBXBuildFile; fileRef = 30FC19341F43CF7F00A559A3 /* main.m */; };
		30FC19381F43CF7F00A559A3 /* AppDelegate.m in Sources */ = {isa = PBXBuildFile; fileRef = 30FC19371F43CF7F00A559A3 /* AppDelegate.m */; };
		30FC193B1F43CF7F00A559A3 /* ViewController.m in Sources */ = {isa = PBXBuildFile; fileRef = 30FC193A1F43CF7F00A559A3 /* ViewController.m */; };
		30FC193E1F43CF7F00A559A3 /* Main.storyboard in Resources */ = {isa = PBXBuildFile; fileRef = 30FC193C1F43CF7F00A559A3 /* Main.storyboard */; };
		30FC19401F43CF7F00A559A3 /* Assets.xcassets in Resources */ = {isa = PBXBuildFile; fileRef = 30FC193F1F43CF7F00A559A3 /* Assets.xcassets */; };
		30FC19431F43CF7F00A559A3 /* LaunchScreen.storyboard in Resources */ = {isa = PBXBuildFile; fileRef = 30FC19411F43CF7F00A559A3 /* LaunchScreen.storyboard */; };
		30FC194E1F43CF7F00A559A3 /* scrollView_tableVIiew_DemoTests.m in Sources */ = {isa = PBXBuildFile; fileRef = 30FC194D1F43CF7F00A559A3 /* scrollView_tableVIiew_DemoTests.m */; };
		30FC19591F43CF7F00A559A3 /* scrollView_tableVIiew_DemoUITests.m in Sources */ = {isa = PBXBuildFile; fileRef = 30FC19581F43CF7F00A559A3 /* scrollView_tableVIiew_DemoUITests.m */; };
		30FC196D1F43CFCA00A559A3 /* LJKHeaderView.m in Sources */ = {isa = PBXBuildFile; fileRef = 30FC19681F43CFCA00A559A3 /* LJKHeaderView.m */; };
		30FC196E1F43CFCA00A559A3 /* LJKTableView.m in Sources */ = {isa = PBXBuildFile; fileRef = 30FC196A1F43CFCA00A559A3 /* LJKTableView.m */; };
		30FC196F1F43CFCA00A559A3 /* LJKTitleView.m in Sources */ = {isa = PBXBuildFile; fileRef = 30FC196C1F43CFCA00A559A3 /* LJKTitleView.m */; };
		30FC19921F43CFD800A559A3 /* UIViewExt.m in Sources */ = {isa = PBXBuildFile; fileRef = 30FC19731F43CFD800A559A3 /* UIViewExt.m */; };
		30FC19931F43CFD800A559A3 /* LICENSE in Resources */ = {isa = PBXBuildFile; fileRef = 30FC19761F43CFD800A559A3 /* LICENSE */; };
		30FC19941F43CFD800A559A3 /* MASCompositeConstraint.m in Sources */ = {isa = PBXBuildFile; fileRef = 30FC19791F43CFD800A559A3 /* MASCompositeConstraint.m */; };
		30FC19951F43CFD800A559A3 /* MASConstraint.m in Sources */ = {isa = PBXBuildFile; fileRef = 30FC197C1F43CFD800A559A3 /* MASConstraint.m */; };
		30FC19961F43CFD800A559A3 /* MASConstraintMaker.m in Sources */ = {isa = PBXBuildFile; fileRef = 30FC197E1F43CFD800A559A3 /* MASConstraintMaker.m */; };
		30FC19971F43CFD800A559A3 /* MASLayoutConstraint.m in Sources */ = {isa = PBXBuildFile; fileRef = 30FC19801F43CFD800A559A3 /* MASLayoutConstraint.m */; };
		30FC19981F43CFD800A559A3 /* MASViewAttribute.m in Sources */ = {isa = PBXBuildFile; fileRef = 30FC19841F43CFD800A559A3 /* MASViewAttribute.m */; };
		30FC19991F43CFD800A559A3 /* MASViewConstraint.m in Sources */ = {isa = PBXBuildFile; fileRef = 30FC19861F43CFD800A559A3 /* MASViewConstraint.m */; };
		30FC199A1F43CFD800A559A3 /* NSArray+MASAdditions.m in Sources */ = {isa = PBXBuildFile; fileRef = 30FC19881F43CFD800A559A3 /* NSArray+MASAdditions.m */; };
		30FC199B1F43CFD800A559A3 /* NSLayoutConstraint+MASDebugAdditions.m in Sources */ = {isa = PBXBuildFile; fileRef = 30FC198B1F43CFD800A559A3 /* NSLayoutConstraint+MASDebugAdditions.m */; };
		30FC199C1F43CFD800A559A3 /* View+MASAdditions.m in Sources */ = {isa = PBXBuildFile; fileRef = 30FC198D1F43CFD800A559A3 /* View+MASAdditions.m */; };
		30FC199D1F43CFD800A559A3 /* ViewController+MASAdditions.m in Sources */ = {isa = PBXBuildFile; fileRef = 30FC19901F43CFD800A559A3 /* ViewController+MASAdditions.m */; };
		30FC199E1F43CFD800A559A3 /* README.md in Sources */ = {isa = PBXBuildFile; fileRef = 30FC19911F43CFD800A559A3 /* README.md */; };
/* End PBXBuildFile section */

/* Begin PBXContainerItemProxy section */
		30FC194A1F43CF7F00A559A3 /* PBXContainerItemProxy */ = {
			isa = PBXContainerItemProxy;
			containerPortal = 30FC19281F43CF7F00A559A3 /* Project object */;
			proxyType = 1;
			remoteGlobalIDString = 30FC192F1F43CF7F00A559A3;
			remoteInfo = scrollView_tableVIiew_Demo;
		};
		30FC19551F43CF7F00A559A3 /* PBXContainerItemProxy */ = {
			isa = PBXContainerItemProxy;
			containerPortal = 30FC19281F43CF7F00A559A3 /* Project object */;
			proxyType = 1;
			remoteGlobalIDString = 30FC192F1F43CF7F00A559A3;
			remoteInfo = scrollView_tableVIiew_Demo;
		};
/* End PBXContainerItemProxy section */

/* Begin PBXFileReference section */
		30FC19301F43CF7F00A559A3 /* scrollView_tableVIiew_Demo.app */ = {isa = PBXFileReference; explicitFileType = wrapper.application; includeInIndex = 0; path = scrollView_tableVIiew_Demo.app; sourceTree = BUILT_PRODUCTS_DIR; };
		30FC19341F43CF7F00A559A3 /* main.m */ = {isa = PBXFileReference; lastKnownFileType = sourcecode.c.objc; path = main.m; sourceTree = "<group>"; };
		30FC19361F43CF7F00A559A3 /* AppDelegate.h */ = {isa = PBXFileReference; lastKnownFileType = sourcecode.c.h; path = AppDelegate.h; sourceTree = "<group>"; };
		30FC19371F43CF7F00A559A3 /* AppDelegate.m */ = {isa = PBXFileReference; lastKnownFileType = sourcecode.c.objc; path = AppDelegate.m; sourceTree = "<group>"; };
		30FC19391F43CF7F00A559A3 /* ViewController.h */ = {isa = PBXFileReference; lastKnownFileType = sourcecode.c.h; path = ViewController.h; sourceTree = "<group>"; };
		30FC193A1F43CF7F00A559A3 /* ViewController.m */ = {isa = PBXFileReference; lastKnownFileType = sourcecode.c.objc; path = ViewController.m; sourceTree = "<group>"; };
		30FC193D1F43CF7F00A559A3 /* Base */ = {isa = PBXFileReference; lastKnownFileType = file.storyboard; name = Base; path = Base.lproj/Main.storyboard; sourceTree = "<group>"; };
		30FC193F1F43CF7F00A559A3 /* Assets.xcassets */ = {isa = PBXFileReference; lastKnownFileType = folder.assetcatalog; path = Assets.xcassets; sourceTree = "<group>"; };
		30FC19421F43CF7F00A559A3 /* Base */ = {isa = PBXFileReference; lastKnownFileType = file.storyboard; name = Base; path = Base.lproj/LaunchScreen.storyboard; sourceTree = "<group>"; };
		30FC19441F43CF7F00A559A3 /* Info.plist */ = {isa = PBXFileReference; lastKnownFileType = text.plist.xml; path = Info.plist; sourceTree = "<group>"; };
		30FC19491F43CF7F00A559A3 /* scrollView_tableVIiew_DemoTests.xctest */ = {isa = PBXFileReference; explicitFileType = wrapper.cfbundle; includeInIndex = 0; path = scrollView_tableVIiew_DemoTests.xctest; sourceTree = BUILT_PRODUCTS_DIR; };
		30FC194D1F43CF7F00A559A3 /* scrollView_tableVIiew_DemoTests.m */ = {isa = PBXFileReference; lastKnownFileType = sourcecode.c.objc; path = scrollView_tableVIiew_DemoTests.m; sourceTree = "<group>"; };
		30FC194F1F43CF7F00A559A3 /* Info.plist */ = {isa = PBXFileReference; lastKnownFileType = text.plist.xml; path = Info.plist; sourceTree = "<group>"; };
		30FC19541F43CF7F00A559A3 /* scrollView_tableVIiew_DemoUITests.xctest */ = {isa = PBXFileReference; explicitFileType = wrapper.cfbundle; includeInIndex = 0; path = scrollView_tableVIiew_DemoUITests.xctest; sourceTree = BUILT_PRODUCTS_DIR; };
		30FC19581F43CF7F00A559A3 /* scrollView_tableVIiew_DemoUITests.m */ = {isa = PBXFileReference; lastKnownFileType = sourcecode.c.objc; path = scrollView_tableVIiew_DemoUITests.m; sourceTree = "<group>"; };
		30FC195A1F43CF7F00A559A3 /* Info.plist */ = {isa = PBXFileReference; lastKnownFileType = text.plist.xml; path = Info.plist; sourceTree = "<group>"; };
		30FC19671F43CFCA00A559A3 /* LJKHeaderView.h */ = {isa = PBXFileReference; fileEncoding = 4; lastKnownFileType = sourcecode.c.h; path = LJKHeaderView.h; sourceTree = "<group>"; };
		30FC19681F43CFCA00A559A3 /* LJKHeaderView.m */ = {isa = PBXFileReference; fileEncoding = 4; lastKnownFileType = sourcecode.c.objc; path = LJKHeaderView.m; sourceTree = "<group>"; };
		30FC19691F43CFCA00A559A3 /* LJKTableView.h */ = {isa = PBXFileReference; fileEncoding = 4; lastKnownFileType = sourcecode.c.h; path = LJKTableView.h; sourceTree = "<group>"; };
		30FC196A1F43CFCA00A559A3 /* LJKTableView.m */ = {isa = PBXFileReference; fileEncoding = 4; lastKnownFileType = sourcecode.c.objc; path = LJKTableView.m; sourceTree = "<group>"; };
		30FC196B1F43CFCA00A559A3 /* LJKTitleView.h */ = {isa = PBXFileReference; fileEncoding = 4; lastKnownFileType = sourcecode.c.h; path = LJKTitleView.h; sourceTree = "<group>"; };
		30FC196C1F43CFCA00A559A3 /* LJKTitleView.m */ = {isa = PBXFileReference; fileEncoding = 4; lastKnownFileType = sourcecode.c.objc; path = LJKTitleView.m; sourceTree = "<group>"; };
		30FC19711F43CFD800A559A3 /* NNEntityHeaders.h */ = {isa = PBXFileReference; fileEncoding = 4; lastKnownFileType = sourcecode.c.h; path = NNEntityHeaders.h; sourceTree = "<group>"; };
		30FC19721F43CFD800A559A3 /* UIViewExt.h */ = {isa = PBXFileReference; fileEncoding = 4; lastKnownFileType = sourcecode.c.h; path = UIViewExt.h; sourceTree = "<group>"; };
		30FC19731F43CFD800A559A3 /* UIViewExt.m */ = {isa = PBXFileReference; fileEncoding = 4; lastKnownFileType = sourcecode.c.objc; path = UIViewExt.m; sourceTree = "<group>"; };
		30FC19761F43CFD800A559A3 /* LICENSE */ = {isa = PBXFileReference; fileEncoding = 4; lastKnownFileType = text; path = LICENSE; sourceTree = "<group>"; };
		30FC19781F43CFD800A559A3 /* MASCompositeConstraint.h */ = {isa = PBXFileReference; fileEncoding = 4; lastKnownFileType = sourcecode.c.h; path = MASCompositeConstraint.h; sourceTree = "<group>"; };
		30FC19791F43CFD800A559A3 /* MASCompositeConstraint.m */ = {isa = PBXFileReference; fileEncoding = 4; lastKnownFileType = sourcecode.c.objc; path = MASCompositeConstraint.m; sourceTree = "<group>"; };
		30FC197A1F43CFD800A559A3 /* MASConstraint+Private.h */ = {isa = PBXFileReference; fileEncoding = 4; lastKnownFileType = sourcecode.c.h; path = "MASConstraint+Private.h"; sourceTree = "<group>"; };
		30FC197B1F43CFD800A559A3 /* MASConstraint.h */ = {isa = PBXFileReference; fileEncoding = 4; lastKnownFileType = sourcecode.c.h; path = MASConstraint.h; sourceTree = "<group>"; };
		30FC197C1F43CFD800A559A3 /* MASConstraint.m */ = {isa = PBXFileReference; fileEncoding = 4; lastKnownFileType = sourcecode.c.objc; path = MASConstraint.m; sourceTree = "<group>"; };
		30FC197D1F43CFD800A559A3 /* MASConstraintMaker.h */ = {isa = PBXFileReference; fileEncoding = 4; lastKnownFileType = sourcecode.c.h; path = MASConstraintMaker.h; sourceTree = "<group>"; };
		30FC197E1F43CFD800A559A3 /* MASConstraintMaker.m */ = {isa = PBXFileReference; fileEncoding = 4; lastKnownFileType = sourcecode.c.objc; path = MASConstraintMaker.m; sourceTree = "<group>"; };
		30FC197F1F43CFD800A559A3 /* MASLayoutConstraint.h */ = {isa = PBXFileReference; fileEncoding = 4; lastKnownFileType = sourcecode.c.h; path = MASLayoutConstraint.h; sourceTree = "<group>"; };
		30FC19801F43CFD800A559A3 /* MASLayoutConstraint.m */ = {isa = PBXFileReference; fileEncoding = 4; lastKnownFileType = sourcecode.c.objc; path = MASLayoutConstraint.m; sourceTree = "<group>"; };
		30FC19811F43CFD800A559A3 /* Masonry.h */ = {isa = PBXFileReference; fileEncoding = 4; lastKnownFileType = sourcecode.c.h; path = Masonry.h; sourceTree = "<group>"; };
		30FC19821F43CFD800A559A3 /* MASUtilities.h */ = {isa = PBXFileReference; fileEncoding = 4; lastKnownFileType = sourcecode.c.h; path = MASUtilities.h; sourceTree = "<group>"; };
		30FC19831F43CFD800A559A3 /* MASViewAttribute.h */ = {isa = PBXFileReference; fileEncoding = 4; lastKnownFileType = sourcecode.c.h; path = MASViewAttribute.h; sourceTree = "<group>"; };
		30FC19841F43CFD800A559A3 /* MASViewAttribute.m */ = {isa = PBXFileReference; fileEncoding = 4; lastKnownFileType = sourcecode.c.objc; path = MASViewAttribute.m; sourceTree = "<group>"; };
		30FC19851F43CFD800A559A3 /* MASViewConstraint.h */ = {isa = PBXFileReference; fileEncoding = 4; lastKnownFileType = sourcecode.c.h; path = MASViewConstraint.h; sourceTree = "<group>"; };
		30FC19861F43CFD800A559A3 /* MASViewConstraint.m */ = {isa = PBXFileReference; fileEncoding = 4; lastKnownFileType = sourcecode.c.objc; path = MASViewConstraint.m; sourceTree = "<group>"; };
		30FC19871F43CFD800A559A3 /* NSArray+MASAdditions.h */ = {isa = PBXFileReference; fileEncoding = 4; lastKnownFileType = sourcecode.c.h; path = "NSArray+MASAdditions.h"; sourceTree = "<group>"; };
		30FC19881F43CFD800A559A3 /* NSArray+MASAdditions.m */ = {isa = PBXFileReference; fileEncoding = 4; lastKnownFileType = sourcecode.c.objc; path = "NSArray+MASAdditions.m"; sourceTree = "<group>"; };
		30FC19891F43CFD800A559A3 /* NSArray+MASShorthandAdditions.h */ = {isa = PBXFileReference; fileEncoding = 4; lastKnownFileType = sourcecode.c.h; path = "NSArray+MASShorthandAdditions.h"; sourceTree = "<group>"; };
		30FC198A1F43CFD800A559A3 /* NSLayoutConstraint+MASDebugAdditions.h */ = {isa = PBXFileReference; fileEncoding = 4; lastKnownFileType = sourcecode.c.h; path = "NSLayoutConstraint+MASDebugAdditions.h"; sourceTree = "<group>"; };
		30FC198B1F43CFD800A559A3 /* NSLayoutConstraint+MASDebugAdditions.m */ = {isa = PBXFileReference; fileEncoding = 4; lastKnownFileType = sourcecode.c.objc; path = "NSLayoutConstraint+MASDebugAdditions.m"; sourceTree = "<group>"; };
		30FC198C1F43CFD800A559A3 /* View+MASAdditions.h */ = {isa = PBXFileReference; fileEncoding = 4; lastKnownFileType = sourcecode.c.h; path = "View+MASAdditions.h"; sourceTree = "<group>"; };
		30FC198D1F43CFD800A559A3 /* View+MASAdditions.m */ = {isa = PBXFileReference; fileEncoding = 4; lastKnownFileType = sourcecode.c.objc; path = "View+MASAdditions.m"; sourceTree = "<group>"; };
		30FC198E1F43CFD800A559A3 /* View+MASShorthandAdditions.h */ = {isa = PBXFileReference; fileEncoding = 4; lastKnownFileType = sourcecode.c.h; path = "View+MASShorthandAdditions.h"; sourceTree = "<group>"; };
		30FC198F1F43CFD800A559A3 /* ViewController+MASAdditions.h */ = {isa = PBXFileReference; fileEncoding = 4; lastKnownFileType = sourcecode.c.h; path = "ViewController+MASAdditions.h"; sourceTree = "<group>"; };
		30FC19901F43CFD800A559A3 /* ViewController+MASAdditions.m */ = {isa = PBXFileReference; fileEncoding = 4; lastKnownFileType = sourcecode.c.objc; path = "ViewController+MASAdditions.m"; sourceTree = "<group>"; };
		30FC19911F43CFD800A559A3 /* README.md */ = {isa = PBXFileReference; fileEncoding = 4; lastKnownFileType = net.daringfireball.markdown; path = README.md; sourceTree = "<group>"; };
/* End PBXFileReference section */

/* Begin PBXFrameworksBuildPhase section */
		30FC192D1F43CF7F00A559A3 /* Frameworks */ = {
			isa = PBXFrameworksBuildPhase;
			buildActionMask = 2147483647;
			files = (
			);
			runOnlyForDeploymentPostprocessing = 0;
		};
		30FC19461F43CF7F00A559A3 /* Frameworks */ = {
			isa = PBXFrameworksBuildPhase;
			buildActionMask = 2147483647;
			files = (
			);
			runOnlyForDeploymentPostprocessing = 0;
		};
		30FC19511F43CF7F00A559A3 /* Frameworks */ = {
			isa = PBXFrameworksBuildPhase;
			buildActionMask = 2147483647;
			files = (
			);
			runOnlyForDeploymentPostprocessing = 0;
		};
/* End PBXFrameworksBuildPhase section */

/* Begin PBXGroup section */
		30FC19271F43CF7F00A559A3 = {
			isa = PBXGroup;
			children = (
				30FC19701F43CFD800A559A3 /* Common */,
				30FC19741F43CFD800A559A3 /* ThirdLibs */,
				30FC19661F43CFCA00A559A3 /* View */,
				30FC19321F43CF7F00A559A3 /* scrollView_tableVIiew_Demo */,
				30FC194C1F43CF7F00A559A3 /* scrollView_tableVIiew_DemoTests */,
				30FC19571F43CF7F00A559A3 /* scrollView_tableVIiew_DemoUITests */,
				30FC19311F43CF7F00A559A3 /* Products */,
			);
			sourceTree = "<group>";
		};
		30FC19311F43CF7F00A559A3 /* Products */ = {
			isa = PBXGroup;
			children = (
				30FC19301F43CF7F00A559A3 /* scrollView_tableVIiew_Demo.app */,
				30FC19491F43CF7F00A559A3 /* scrollView_tableVIiew_DemoTests.xctest */,
				30FC19541F43CF7F00A559A3 /* scrollView_tableVIiew_DemoUITests.xctest */,
			);
			name = Products;
			sourceTree = "<group>";
		};
		30FC19321F43CF7F00A559A3 /* scrollView_tableVIiew_Demo */ = {
			isa = PBXGroup;
			children = (
				30FC19361F43CF7F00A559A3 /* AppDelegate.h */,
				30FC19371F43CF7F00A559A3 /* AppDelegate.m */,
				30FC19391F43CF7F00A559A3 /* ViewController.h */,
				30FC193A1F43CF7F00A559A3 /* ViewController.m */,
				30FC193C1F43CF7F00A559A3 /* Main.storyboard */,
				30FC193F1F43CF7F00A559A3 /* Assets.xcassets */,
				30FC19411F43CF7F00A559A3 /* LaunchScreen.storyboard */,
				30FC19441F43CF7F00A559A3 /* Info.plist */,
				30FC19331F43CF7F00A559A3 /* Supporting Files */,
			);
			path = scrollView_tableVIiew_Demo;
			sourceTree = "<group>";
		};
		30FC19331F43CF7F00A559A3 /* Supporting Files */ = {
			isa = PBXGroup;
			children = (
				30FC19341F43CF7F00A559A3 /* main.m */,
			);
			name = "Supporting Files";
			sourceTree = "<group>";
		};
		30FC194C1F43CF7F00A559A3 /* scrollView_tableVIiew_DemoTests */ = {
			isa = PBXGroup;
			children = (
				30FC194D1F43CF7F00A559A3 /* scrollView_tableVIiew_DemoTests.m */,
				30FC194F1F43CF7F00A559A3 /* Info.plist */,
			);
			path = scrollView_tableVIiew_DemoTests;
			sourceTree = "<group>";
		};
		30FC19571F43CF7F00A559A3 /* scrollView_tableVIiew_DemoUITests */ = {
			isa = PBXGroup;
			children = (
				30FC19581F43CF7F00A559A3 /* scrollView_tableVIiew_DemoUITests.m */,
				30FC195A1F43CF7F00A559A3 /* Info.plist */,
			);
			path = scrollView_tableVIiew_DemoUITests;
			sourceTree = "<group>";
		};
		30FC19661F43CFCA00A559A3 /* View */ = {
			isa = PBXGroup;
			children = (
				30FC19671F43CFCA00A559A3 /* LJKHeaderView.h */,
				30FC19681F43CFCA00A559A3 /* LJKHeaderView.m */,
				30FC19691F43CFCA00A559A3 /* LJKTableView.h */,
				30FC196A1F43CFCA00A559A3 /* LJKTableView.m */,
				30FC196B1F43CFCA00A559A3 /* LJKTitleView.h */,
				30FC196C1F43CFCA00A559A3 /* LJKTitleView.m */,
			);
			path = View;
			sourceTree = "<group>";
		};
		30FC19701F43CFD800A559A3 /* Common */ = {
			isa = PBXGroup;
			children = (
				30FC19711F43CFD800A559A3 /* NNEntityHeaders.h */,
				30FC19721F43CFD800A559A3 /* UIViewExt.h */,
				30FC19731F43CFD800A559A3 /* UIViewExt.m */,
			);
			path = Common;
			sourceTree = "<group>";
		};
		30FC19741F43CFD800A559A3 /* ThirdLibs */ = {
			isa = PBXGroup;
			children = (
				30FC19751F43CFD800A559A3 /* Masonry */,
			);
			path = ThirdLibs;
			sourceTree = "<group>";
		};
		30FC19751F43CFD800A559A3 /* Masonry */ = {
			isa = PBXGroup;
			children = (
				30FC19761F43CFD800A559A3 /* LICENSE */,
				30FC19771F43CFD800A559A3 /* Masonry */,
				30FC19911F43CFD800A559A3 /* README.md */,
			);
			path = Masonry;
			sourceTree = "<group>";
		};
		30FC19771F43CFD800A559A3 /* Masonry */ = {
			isa = PBXGroup;
			children = (
				30FC19781F43CFD800A559A3 /* MASCompositeConstraint.h */,
				30FC19791F43CFD800A559A3 /* MASCompositeConstraint.m */,
				30FC197A1F43CFD800A559A3 /* MASConstraint+Private.h */,
				30FC197B1F43CFD800A559A3 /* MASConstraint.h */,
				30FC197C1F43CFD800A559A3 /* MASConstraint.m */,
				30FC197D1F43CFD800A559A3 /* MASConstraintMaker.h */,
				30FC197E1F43CFD800A559A3 /* MASConstraintMaker.m */,
				30FC197F1F43CFD800A559A3 /* MASLayoutConstraint.h */,
				30FC19801F43CFD800A559A3 /* MASLayoutConstraint.m */,
				30FC19811F43CFD800A559A3 /* Masonry.h */,
				30FC19821F43CFD800A559A3 /* MASUtilities.h */,
				30FC19831F43CFD800A559A3 /* MASViewAttribute.h */,
				30FC19841F43CFD800A559A3 /* MASViewAttribute.m */,
				30FC19851F43CFD800A559A3 /* MASViewConstraint.h */,
				30FC19861F43CFD800A559A3 /* MASViewConstraint.m */,
				30FC19871F43CFD800A559A3 /* NSArray+MASAdditions.h */,
				30FC19881F43CFD800A559A3 /* NSArray+MASAdditions.m */,
				30FC19891F43CFD800A559A3 /* NSArray+MASShorthandAdditions.h */,
				30FC198A1F43CFD800A559A3 /* NSLayoutConstraint+MASDebugAdditions.h */,
				30FC198B1F43CFD800A559A3 /* NSLayoutConstraint+MASDebugAdditions.m */,
				30FC198C1F43CFD800A559A3 /* View+MASAdditions.h */,
				30FC198D1F43CFD800A559A3 /* View+MASAdditions.m */,
				30FC198E1F43CFD800A559A3 /* View+MASShorthandAdditions.h */,
				30FC198F1F43CFD800A559A3 /* ViewController+MASAdditions.h */,
				30FC19901F43CFD800A559A3 /* ViewController+MASAdditions.m */,
			);
			path = Masonry;
			sourceTree = "<group>";
		};
/* End PBXGroup section */

/* Begin PBXNativeTarget section */
		30FC192F1F43CF7F00A559A3 /* scrollView_tableVIiew_Demo */ = {
			isa = PBXNativeTarget;
			buildConfigurationList = 30FC195D1F43CF7F00A559A3 /* Build configuration list for PBXNativeTarget "scrollView_tableVIiew_Demo" */;
			buildPhases = (
				30FC192C1F43CF7F00A559A3 /* Sources */,
				30FC192D1F43CF7F00A559A3 /* Frameworks */,
				30FC192E1F43CF7F00A559A3 /* Resources */,
			);
			buildRules = (
			);
			dependencies = (
			);
			name = scrollView_tableVIiew_Demo;
			productName = scrollView_tableVIiew_Demo;
			productReference = 30FC19301F43CF7F00A559A3 /* scrollView_tableVIiew_Demo.app */;
			productType = "com.apple.product-type.application";
		};
		30FC19481F43CF7F00A559A3 /* scrollView_tableVIiew_DemoTests */ = {
			isa = PBXNativeTarget;
			buildConfigurationList = 30FC19601F43CF7F00A559A3 /* Build configuration list for PBXNativeTarget "scrollView_tableVIiew_DemoTests" */;
			buildPhases = (
				30FC19451F43CF7F00A559A3 /* Sources */,
				30FC19461F43CF7F00A559A3 /* Frameworks */,
				30FC19471F43CF7F00A559A3 /* Resources */,
			);
			buildRules = (
			);
			dependencies = (
				30FC194B1F43CF7F00A559A3 /* PBXTargetDependency */,
			);
			name = scrollView_tableVIiew_DemoTests;
			productName = scrollView_tableVIiew_DemoTests;
			productReference = 30FC19491F43CF7F00A559A3 /* scrollView_tableVIiew_DemoTests.xctest */;
			productType = "com.apple.product-type.bundle.unit-test";
		};
		30FC19531F43CF7F00A559A3 /* scrollView_tableVIiew_DemoUITests */ = {
			isa = PBXNativeTarget;
			buildConfigurationList = 30FC19631F43CF7F00A559A3 /* Build configuration list for PBXNativeTarget "scrollView_tableVIiew_DemoUITests" */;
			buildPhases = (
				30FC19501F43CF7F00A559A3 /* Sources */,
				30FC19511F43CF7F00A559A3 /* Frameworks */,
				30FC19521F43CF7F00A559A3 /* Resources */,
			);
			buildRules = (
			);
			dependencies = (
				30FC19561F43CF7F00A559A3 /* PBXTargetDependency */,
			);
			name = scrollView_tableVIiew_DemoUITests;
			productName = scrollView_tableVIiew_DemoUITests;
			productReference = 30FC19541F43CF7F00A559A3 /* scrollView_tableVIiew_DemoUITests.xctest */;
			productType = "com.apple.product-type.bundle.ui-testing";
		};
/* End PBXNativeTarget section */

/* Begin PBXProject section */
		30FC19281F43CF7F00A559A3 /* Project object */ = {
			isa = PBXProject;
			attributes = {
				LastUpgradeCheck = 0830;
				ORGANIZATIONNAME = "刘金凯";
				TargetAttributes = {
					30FC192F1F43CF7F00A559A3 = {
						CreatedOnToolsVersion = 8.3.1;
						DevelopmentTeam = CRGJ32886Z;
						ProvisioningStyle = Automatic;
					};
					30FC19481F43CF7F00A559A3 = {
						CreatedOnToolsVersion = 8.3.1;
						DevelopmentTeam = CRGJ32886Z;
						ProvisioningStyle = Automatic;
						TestTargetID = 30FC192F1F43CF7F00A559A3;
					};
					30FC19531F43CF7F00A559A3 = {
						CreatedOnToolsVersion = 8.3.1;
						DevelopmentTeam = CRGJ32886Z;
						ProvisioningStyle = Automatic;
						TestTargetID = 30FC192F1F43CF7F00A559A3;
					};
				};
			};
			buildConfigurationList = 30FC192B1F43CF7F00A559A3 /* Build configuration list for PBXProject "scrollView_tableVIiew_Demo" */;
			compatibilityVersion = "Xcode 3.2";
			developmentRegion = English;
			hasScannedForEncodings = 0;
			knownRegions = (
				en,
				Base,
			);
			mainGroup = 30FC19271F43CF7F00A559A3;
			productRefGroup = 30FC19311F43CF7F00A559A3 /* Products */;
			projectDirPath = "";
			projectRoot = "";
			targets = (
				30FC192F1F43CF7F00A559A3 /* scrollView_tableVIiew_Demo */,
				30FC19481F43CF7F00A559A3 /* scrollView_tableVIiew_DemoTests */,
				30FC19531F43CF7F00A559A3 /* scrollView_tableVIiew_DemoUITests */,
			);
		};
/* End PBXProject section */

/* Begin PBXResourcesBuildPhase section */
		30FC192E1F43CF7F00A559A3 /* Resources */ = {
			isa = PBXResourcesBuildPhase;
			buildActionMask = 2147483647;
			files = (
				30FC19431F43CF7F00A559A3 /* LaunchScreen.storyboard in Resources */,
				30FC19401F43CF7F00A559A3 /* Assets.xcassets in Resources */,
				30FC19931F43CFD800A559A3 /* LICENSE in Resources */,
				30FC193E1F43CF7F00A559A3 /* Main.storyboard in Resources */,
			);
			runOnlyForDeploymentPostprocessing = 0;
		};
		30FC19471F43CF7F00A559A3 /* Resources */ = {
			isa = PBXResourcesBuildPhase;
			buildActionMask = 2147483647;
			files = (
			);
			runOnlyForDeploymentPostprocessing = 0;
		};
		30FC19521F43CF7F00A559A3 /* Resources */ = {
			isa = PBXResourcesBuildPhase;
			buildActionMask = 2147483647;
			files = (
			);
			runOnlyForDeploymentPostprocessing = 0;
		};
/* End PBXResourcesBuildPhase section */

/* Begin PBXSourcesBuildPhase section */
		30FC192C1F43CF7F00A559A3 /* Sources */ = {
			isa = PBXSourcesBuildPhase;
			buildActionMask = 2147483647;
			files = (
				30FC199A1F43CFD800A559A3 /* NSArray+MASAdditions.m in Sources */,
				30FC19991F43CFD800A559A3 /* MASViewConstraint.m in Sources */,
				30FC19921F43CFD800A559A3 /* UIViewExt.m in Sources */,
				30FC19961F43CFD800A559A3 /* MASConstraintMaker.m in Sources */,
				30FC199C1F43CFD800A559A3 /* View+MASAdditions.m in Sources */,
				30FC193B1F43CF7F00A559A3 /* ViewController.m in Sources */,
				30FC199E1F43CFD800A559A3 /* README.md in Sources */,
				30FC19951F43CFD800A559A3 /* MASConstraint.m in Sources */,
				30FC196E1F43CFCA00A559A3 /* LJKTableView.m in Sources */,
				30FC19981F43CFD800A559A3 /* MASViewAttribute.m in Sources */,
				30FC199B1F43CFD800A559A3 /* NSLayoutConstraint+MASDebugAdditions.m in Sources */,
				30FC19381F43CF7F00A559A3 /* AppDelegate.m in Sources */,
				30FC19941F43CFD800A559A3 /* MASCompositeConstraint.m in Sources */,
				30FC19971F43CFD800A559A3 /* MASLayoutConstraint.m in Sources */,
				30FC19351F43CF7F00A559A3 /* main.m in Sources */,
				30FC196D1F43CFCA00A559A3 /* LJKHeaderView.m in Sources */,
				30FC199D1F43CFD800A559A3 /* ViewController+MASAdditions.m in Sources */,
				30FC196F1F43CFCA00A559A3 /* LJKTitleView.m in Sources */,
			);
			runOnlyForDeploymentPostprocessing = 0;
		};
		30FC19451F43CF7F00A559A3 /* Sources */ = {
			isa = PBXSourcesBuildPhase;
			buildActionMask = 2147483647;
			files = (
				30FC194E1F43CF7F00A559A3 /* scrollView_tableVIiew_DemoTests.m in Sources */,
			);
			runOnlyForDeploymentPostprocessing = 0;
		};
		30FC19501F43CF7F00A559A3 /* Sources */ = {
			isa = PBXSourcesBuildPhase;
			buildActionMask = 2147483647;
			files = (
				30FC19591F43CF7F00A559A3 /* scrollView_tableVIiew_DemoUITests.m in Sources */,
			);
			runOnlyForDeploymentPostprocessing = 0;
		};
/* End PBXSourcesBuildPhase section */

/* Begin PBXTargetDependency section */
		30FC194B1F43CF7F00A559A3 /* PBXTargetDependency */ = {
			isa = PBXTargetDependency;
			target = 30FC192F1F43CF7F00A559A3 /* scrollView_tableVIiew_Demo */;
			targetProxy = 30FC194A1F43CF7F00A559A3 /* PBXContainerItemProxy */;
		};
		30FC19561F43CF7F00A559A3 /* PBXTargetDependency */ = {
			isa = PBXTargetDependency;
			target = 30FC192F1F43CF7F00A559A3 /* scrollView_tableVIiew_Demo */;
			targetProxy = 30FC19551F43CF7F00A559A3 /* PBXContainerItemProxy */;
		};
/* End PBXTargetDependency section */

/* Begin PBXVariantGroup section */
		30FC193C1F43CF7F00A559A3 /* Main.storyboard */ = {
			isa = PBXVariantGroup;
			children = (
				30FC193D1F43CF7F00A559A3 /* Base */,
			);
			name = Main.storyboard;
			sourceTree = "<group>";
		};
		30FC19411F43CF7F00A559A3 /* LaunchScreen.storyboard */ = {
			isa = PBXVariantGroup;
			children = (
				30FC19421F43CF7F00A559A3 /* Base */,
			);
			name = LaunchScreen.storyboard;
			sourceTree = "<group>";
		};
/* End PBXVariantGroup section */

/* Begin XCBuildConfiguration section */
		30FC195B1F43CF7F00A559A3 /* Debug */ = {
			isa = XCBuildConfiguration;
			buildSettings = {
				ALWAYS_SEARCH_USER_PATHS = NO;
				CLANG_ANALYZER_NONNULL = YES;
				CLANG_ANALYZER_NUMBER_OBJECT_CONVERSION = YES_AGGRESSIVE;
				CLANG_CXX_LANGUAGE_STANDARD = "gnu++0x";
				CLANG_CXX_LIBRARY = "libc++";
				CLANG_ENABLE_MODULES = YES;
				CLANG_ENABLE_OBJC_ARC = YES;
				CLANG_WARN_BOOL_CONVERSION = YES;
				CLANG_WARN_CONSTANT_CONVERSION = YES;
				CLANG_WARN_DIRECT_OBJC_ISA_USAGE = YES_ERROR;
				CLANG_WARN_DOCUMENTATION_COMMENTS = YES;
				CLANG_WARN_EMPTY_BODY = YES;
				CLANG_WARN_ENUM_CONVERSION = YES;
				CLANG_WARN_INFINITE_RECURSION = YES;
				CLANG_WARN_INT_CONVERSION = YES;
				CLANG_WARN_OBJC_ROOT_CLASS = YES_ERROR;
				CLANG_WARN_SUSPICIOUS_MOVE = YES;
				CLANG_WARN_UNREACHABLE_CODE = YES;
				CLANG_WARN__DUPLICATE_METHOD_MATCH = YES;
				"CODE_SIGN_IDENTITY[sdk=iphoneos*]" = "iPhone Developer";
				COPY_PHASE_STRIP = NO;
				DEBUG_INFORMATION_FORMAT = dwarf;
				ENABLE_STRICT_OBJC_MSGSEND = YES;
				ENABLE_TESTABILITY = YES;
				GCC_C_LANGUAGE_STANDARD = gnu99;
				GCC_DYNAMIC_NO_PIC = NO;
				GCC_NO_COMMON_BLOCKS = YES;
				GCC_OPTIMIZATION_LEVEL = 0;
				GCC_PREPROCESSOR_DEFINITIONS = (
					"DEBUG=1",
					"$(inherited)",
				);
				GCC_WARN_64_TO_32_BIT_CONVERSION = YES;
				GCC_WARN_ABOUT_RETURN_TYPE = YES_ERROR;
				GCC_WARN_UNDECLARED_SELECTOR = YES;
				GCC_WARN_UNINITIALIZED_AUTOS = YES_AGGRESSIVE;
				GCC_WARN_UNUSED_FUNCTION = YES;
				GCC_WARN_UNUSED_VARIABLE = YES;
				IPHONEOS_DEPLOYMENT_TARGET = 10.3;
				MTL_ENABLE_DEBUG_INFO = YES;
				ONLY_ACTIVE_ARCH = YES;
				SDKROOT = iphoneos;
				TARGETED_DEVICE_FAMILY = "1,2";
			};
			name = Debug;
		};
		30FC195C1F43CF7F00A559A3 /* Release */ = {
			isa = XCBuildConfiguration;
			buildSettings = {
				ALWAYS_SEARCH_USER_PATHS = NO;
				CLANG_ANALYZER_NONNULL = YES;
				CLANG_ANALYZER_NUMBER_OBJECT_CONVERSION = YES_AGGRESSIVE;
				CLANG_CXX_LANGUAGE_STANDARD = "gnu++0x";
				CLANG_CXX_LIBRARY = "libc++";
				CLANG_ENABLE_MODULES = YES;
				CLANG_ENABLE_OBJC_ARC = YES;
				CLANG_WARN_BOOL_CONVERSION = YES;
				CLANG_WARN_CONSTANT_CONVERSION = YES;
				CLANG_WARN_DIRECT_OBJC_ISA_USAGE = YES_ERROR;
				CLANG_WARN_DOCUMENTATION_COMMENTS = YES;
				CLANG_WARN_EMPTY_BODY = YES;
				CLANG_WARN_ENUM_CONVERSION = YES;
				CLANG_WARN_INFINITE_RECURSION = YES;
				CLANG_WARN_INT_CONVERSION = YES;
				CLANG_WARN_OBJC_ROOT_CLASS = YES_ERROR;
				CLANG_WARN_SUSPICIOUS_MOVE = YES;
				CLANG_WARN_UNREACHABLE_CODE = YES;
				CLANG_WARN__DUPLICATE_METHOD_MATCH = YES;
				"CODE_SIGN_IDENTITY[sdk=iphoneos*]" = "iPhone Developer";
				COPY_PHASE_STRIP = NO;
				DEBUG_INFORMATION_FORMAT = "dwarf-with-dsym";
				ENABLE_NS_ASSERTIONS = NO;
				ENABLE_STRICT_OBJC_MSGSEND = YES;
				GCC_C_LANGUAGE_STANDARD = gnu99;
				GCC_NO_COMMON_BLOCKS = YES;
				GCC_WARN_64_TO_32_BIT_CONVERSION = YES;
				GCC_WARN_ABOUT_RETURN_TYPE = YES_ERROR;
				GCC_WARN_UNDECLARED_SELECTOR = YES;
				GCC_WARN_UNINITIALIZED_AUTOS = YES_AGGRESSIVE;
				GCC_WARN_UNUSED_FUNCTION = YES;
				GCC_WARN_UNUSED_VARIABLE = YES;
				IPHONEOS_DEPLOYMENT_TARGET = 10.3;
				MTL_ENABLE_DEBUG_INFO = NO;
				SDKROOT = iphoneos;
				TARGETED_DEVICE_FAMILY = "1,2";
				VALIDATE_PRODUCT = YES;
			};
			name = Release;
		};
		30FC195E1F43CF7F00A559A3 /* Debug */ = {
			isa = XCBuildConfiguration;
			buildSettings = {
				ASSETCATALOG_COMPILER_APPICON_NAME = AppIcon;
				DEVELOPMENT_TEAM = CRGJ32886Z;
				INFOPLIST_FILE = scrollView_tableVIiew_Demo/Info.plist;
				LD_RUNPATH_SEARCH_PATHS = "$(inherited) @executable_path/Frameworks";
				PRODUCT_BUNDLE_IDENTIFIER = "com.wadao.scrollView-tableVIiew-Demo";
				PRODUCT_NAME = "$(TARGET_NAME)";
			};
			name = Debug;
		};
		30FC195F1F43CF7F00A559A3 /* Release */ = {
			isa = XCBuildConfiguration;
			buildSettings = {
				ASSETCATALOG_COMPILER_APPICON_NAME = AppIcon;
				DEVELOPMENT_TEAM = CRGJ32886Z;
				INFOPLIST_FILE = scrollView_tableVIiew_Demo/Info.plist;
				LD_RUNPATH_SEARCH_PATHS = "$(inherited) @executable_path/Frameworks";
				PRODUCT_BUNDLE_IDENTIFIER = "com.wadao.scrollView-tableVIiew-Demo";
				PRODUCT_NAME = "$(TARGET_NAME)";
			};
			name = Release;
		};
		30FC19611F43CF7F00A559A3 /* Debug */ = {
			isa = XCBuildConfiguration;
			buildSettings = {
				BUNDLE_LOADER = "$(TEST_HOST)";
				DEVELOPMENT_TEAM = CRGJ32886Z;
				INFOPLIST_FILE = scrollView_tableVIiew_DemoTests/Info.plist;
				LD_RUNPATH_SEARCH_PATHS = "$(inherited) @executable_path/Frameworks @loader_path/Frameworks";
				PRODUCT_BUNDLE_IDENTIFIER = "com.wadao.scrollView-tableVIiew-DemoTests";
				PRODUCT_NAME = "$(TARGET_NAME)";
				TEST_HOST = "$(BUILT_PRODUCTS_DIR)/scrollView_tableVIiew_Demo.app/scrollView_tableVIiew_Demo";
			};
			name = Debug;
		};
		30FC19621F43CF7F00A559A3 /* Release */ = {
			isa = XCBuildConfiguration;
			buildSettings = {
				BUNDLE_LOADER = "$(TEST_HOST)";
				DEVELOPMENT_TEAM = CRGJ32886Z;
				INFOPLIST_FILE = scrollView_tableVIiew_DemoTests/Info.plist;
				LD_RUNPATH_SEARCH_PATHS = "$(inherited) @executable_path/Frameworks @loader_path/Frameworks";
				PRODUCT_BUNDLE_IDENTIFIER = "com.wadao.scrollView-tableVIiew-DemoTests";
				PRODUCT_NAME = "$(TARGET_NAME)";
				TEST_HOST = "$(BUILT_PRODUCTS_DIR)/scrollView_tableVIiew_Demo.app/scrollView_tableVIiew_Demo";
			};
			name = Release;
		};
		30FC19641F43CF7F00A559A3 /* Debug */ = {
			isa = XCBuildConfiguration;
			buildSettings = {
				DEVELOPMENT_TEAM = CRGJ32886Z;
				INFOPLIST_FILE = scrollView_tableVIiew_DemoUITests/Info.plist;
				LD_RUNPATH_SEARCH_PATHS = "$(inherited) @executable_path/Frameworks @loader_path/Frameworks";
				PRODUCT_BUNDLE_IDENTIFIER = "com.wadao.scrollView-tableVIiew-DemoUITests";
				PRODUCT_NAME = "$(TARGET_NAME)";
				TEST_TARGET_NAME = scrollView_tableVIiew_Demo;
			};
			name = Debug;
		};
		30FC19651F43CF7F00A559A3 /* Release */ = {
			isa = XCBuildConfiguration;
			buildSettings = {
				DEVELOPMENT_TEAM = CRGJ32886Z;
				INFOPLIST_FILE = scrollView_tableVIiew_DemoUITests/Info.plist;
				LD_RUNPATH_SEARCH_PATHS = "$(inherited) @executable_path/Frameworks @loader_path/Frameworks";
				PRODUCT_BUNDLE_IDENTIFIER = "com.wadao.scrollView-tableVIiew-DemoUITests";
				PRODUCT_NAME = "$(TARGET_NAME)";
				TEST_TARGET_NAME = scrollView_tableVIiew_Demo;
			};
			name = Release;
		};
/* End XCBuildConfiguration section */

/* Begin XCConfigurationList section */
		30FC192B1F43CF7F00A559A3 /* Build configuration list for PBXProject "scrollView_tableVIiew_Demo" */ = {
			isa = XCConfigurationList;
			buildConfigurations = (
				30FC195B1F43CF7F00A559A3 /* Debug */,
				30FC195C1F43CF7F00A559A3 /* Release */,
			);
			defaultConfigurationIsVisible = 0;
			defaultConfigurationName = Release;
		};
		30FC195D1F43CF7F00A559A3 /* Build configuration list for PBXNativeTarget "scrollView_tableVIiew_Demo" */ = {
			isa = XCConfigurationList;
			buildConfigurations = (
				30FC195E1F43CF7F00A559A3 /* Debug */,
				30FC195F1F43CF7F00A559A3 /* Release */,
			);
			defaultConfigurationIsVisible = 0;
		};
		30FC19601F43CF7F00A559A3 /* Build configuration list for PBXNativeTarget "scrollView_tableVIiew_DemoTests" */ = {
			isa = XCConfigurationList;
			buildConfigurations = (
				30FC19611F43CF7F00A559A3 /* Debug */,
				30FC19621F43CF7F00A559A3 /* Release */,
			);
			defaultConfigurationIsVisible = 0;
		};
		30FC19631F43CF7F00A559A3 /* Build configuration list for PBXNativeTarget "scrollView_tableVIiew_DemoUITests" */ = {
			isa = XCConfigurationList;
			buildConfigurations = (
				30FC19641F43CF7F00A559A3 /* Debug */,
				30FC19651F43CF7F00A559A3 /* Release */,
			);
			defaultConfigurationIsVisible = 0;
		};
/* End XCConfigurationList section */
	};
	rootObject = 30FC19281F43CF7F00A559A3 /* Project object */;
}
